// !$*UTF8*$!
{
	archiveVersion = 1;
	classes = {
	};
	objectVersion = 46;
	objects = {

/* Begin PBXFileReference section */
		C0D98DEC1DFFEC730006BEEF /* music.py */ = {isa = PBXFileReference; fileEncoding = 4; lastKnownFileType = text.script.python; path = music.py; sourceTree = "<group>"; };
		C0D98DED1DFFEC730006BEEF /* __main__.py */ = {isa = PBXFileReference; fileEncoding = 4; lastKnownFileType = text.script.python; path = __main__.py; sourceTree = "<group>"; };
		C0D98DEE1DFFEC730006BEEF /* server.py */ = {isa = PBXFileReference; fileEncoding = 4; lastKnownFileType = text.script.python; path = server.py; sourceTree = "<group>"; };
		C0D98DEF1DFFEC730006BEEF /* prefixes_extractor.py */ = {isa = PBXFileReference; fileEncoding = 4; lastKnownFileType = text.script.python; path = prefixes_extractor.py; sourceTree = "<group>"; };
		C0D98DF01DFFEC730006BEEF /* index.html */ = {isa = PBXFileReference; fileEncoding = 4; lastKnownFileType = text.html; path = index.html; sourceTree = "<group>"; };
		C0D98DF11DFFEC730006BEEF /* sparql-prefixes.json */ = {isa = PBXFileReference; fileEncoding = 4; lastKnownFileType = text.json; path = "sparql-prefixes.json"; sourceTree = "<group>"; };
		C0D98DF21DFFEC730006BEEF /* main_1.py */ = {isa = PBXFileReference; fileEncoding = 4; lastKnownFileType = text.script.python; path = main_1.py; sourceTree = "<group>"; };
		C0D98DF31DFFEC730006BEEF /* README.md */ = {isa = PBXFileReference; fileEncoding = 4; lastKnownFileType = net.daringfireball.markdown; path = README.md; sourceTree = "<group>"; };
/* End PBXFileReference section */

/* Begin PBXGroup section */
		C078536F1DFFEC4400F04C5E = {
			isa = PBXGroup;
			children = (
				C0D98DEC1DFFEC730006BEEF /* music.py */,
				C0D98DED1DFFEC730006BEEF /* __main__.py */,
				C0D98DEE1DFFEC730006BEEF /* server.py */,
				C0D98DEF1DFFEC730006BEEF /* prefixes_extractor.py */,
				C0D98DF01DFFEC730006BEEF /* index.html */,
				C0D98DF11DFFEC730006BEEF /* sparql-prefixes.json */,
				C0D98DF21DFFEC730006BEEF /* main_1.py */,
				C0D98DF31DFFEC730006BEEF /* README.md */,
			);
			sourceTree = "<group>";
		};
/* End PBXGroup section */

/* Begin PBXLegacyTarget section */
		C07853741DFFEC4400F04C5E /* Projet IA */ = {
			isa = PBXLegacyTarget;
			buildArgumentsString = "$(ACTION)";
			buildConfigurationList = C07853771DFFEC4400F04C5E /* Build configuration list for PBXLegacyTarget "Projet IA" */;
			buildPhases = (
			);
			buildToolPath = /usr/bin/python2.7;
			buildWorkingDirectory = "";
			dependencies = (
			);
			name = "Projet IA";
			passBuildSettingsInEnvironment = 1;
			productName = "Projet IA";
		};
/* End PBXLegacyTarget section */

/* Begin PBXProject section */
		C07853701DFFEC4400F04C5E /* Project object */ = {
			isa = PBXProject;
			attributes = {
				LastUpgradeCheck = 0730;
				ORGANIZATIONNAME = Tangi;
				TargetAttributes = {
					C07853741DFFEC4400F04C5E = {
						CreatedOnToolsVersion = 7.3.1;
					};
				};
			};
			buildConfigurationList = C07853731DFFEC4400F04C5E /* Build configuration list for PBXProject "Projet IA" */;
			compatibilityVersion = "Xcode 3.2";
			developmentRegion = English;
			hasScannedForEncodings = 0;
			knownRegions = (
				en,
			);
			mainGroup = C078536F1DFFEC4400F04C5E;
			projectDirPath = "";
			projectRoot = "";
			targets = (
				C07853741DFFEC4400F04C5E /* Projet IA */,
			);
		};
/* End PBXProject section */

/* Begin XCBuildConfiguration section */
		C07853751DFFEC4400F04C5E /* Debug */ = {
			isa = XCBuildConfiguration;
			buildSettings = {
				ALWAYS_SEARCH_USER_PATHS = NO;
				CLANG_ANALYZER_NONNULL = YES;
				CLANG_CXX_LANGUAGE_STANDARD = "gnu++0x";
				CLANG_CXX_LIBRARY = "libc++";
				CLANG_ENABLE_MODULES = YES;
				CLANG_ENABLE_OBJC_ARC = YES;
				CLANG_WARN_BOOL_CONVERSION = YES;
				CLANG_WARN_CONSTANT_CONVERSION = YES;
				CLANG_WARN_DIRECT_OBJC_ISA_USAGE = YES_ERROR;
				CLANG_WARN_EMPTY_BODY = YES;
				CLANG_WARN_ENUM_CONVERSION = YES;
				CLANG_WARN_INT_CONVERSION = YES;
				CLANG_WARN_OBJC_ROOT_CLASS = YES_ERROR;
				CLANG_WARN_UNREACHABLE_CODE = YES;
				CLANG_WARN__DUPLICATE_METHOD_MATCH = YES;
				COPY_PHASE_STRIP = NO;
				DEBUG_INFORMATION_FORMAT = dwarf;
				ENABLE_STRICT_OBJC_MSGSEND = YES;
				ENABLE_TESTABILITY = YES;
				GCC_C_LANGUAGE_STANDARD = gnu99;
				GCC_DYNAMIC_NO_PIC = NO;
				GCC_NO_COMMON_BLOCKS = YES;
				GCC_OPTIMIZATION_LEVEL = 0;
				GCC_PREPROCESSOR_DEFINITIONS = (
					"DEBUG=1",
					"$(inherited)",
				);
				GCC_WARN_64_TO_32_BIT_CONVERSION = YES;
				GCC_WARN_ABOUT_RETURN_TYPE = YES_ERROR;
				GCC_WARN_UNDECLARED_SELECTOR = YES;
				GCC_WARN_UNINITIALIZED_AUTOS = YES_AGGRESSIVE;
				GCC_WARN_UNUSED_FUNCTION = YES;
				GCC_WARN_UNUSED_VARIABLE = YES;
				MTL_ENABLE_DEBUG_INFO = YES;
				ONLY_ACTIVE_ARCH = YES;
			};
			name = Debug;
		};
		C07853761DFFEC4400F04C5E /* Release */ = {
			isa = XCBuildConfiguration;
			buildSettings = {
				ALWAYS_SEARCH_USER_PATHS = NO;
				CLANG_ANALYZER_NONNULL = YES;
				CLANG_CXX_LANGUAGE_STANDARD = "gnu++0x";
				CLANG_CXX_LIBRARY = "libc++";
				CLANG_ENABLE_MODULES = YES;
				CLANG_ENABLE_OBJC_ARC = YES;
				CLANG_WARN_BOOL_CONVERSION = YES;
				CLANG_WARN_CONSTANT_CONVERSION = YES;
				CLANG_WARN_DIRECT_OBJC_ISA_USAGE = YES_ERROR;
				CLANG_WARN_EMPTY_BODY = YES;
				CLANG_WARN_ENUM_CONVERSION = YES;
				CLANG_WARN_INT_CONVERSION = YES;
				CLANG_WARN_OBJC_ROOT_CLASS = YES_ERROR;
				CLANG_WARN_UNREACHABLE_CODE = YES;
				CLANG_WARN__DUPLICATE_METHOD_MATCH = YES;
				COPY_PHASE_STRIP = NO;
				DEBUG_INFORMATION_FORMAT = "dwarf-with-dsym";
				ENABLE_NS_ASSERTIONS = NO;
				ENABLE_STRICT_OBJC_MSGSEND = YES;
				GCC_C_LANGUAGE_STANDARD = gnu99;
				GCC_NO_COMMON_BLOCKS = YES;
				GCC_WARN_64_TO_32_BIT_CONVERSION = YES;
				GCC_WARN_ABOUT_RETURN_TYPE = YES_ERROR;
				GCC_WARN_UNDECLARED_SELECTOR = YES;
				GCC_WARN_UNINITIALIZED_AUTOS = YES_AGGRESSIVE;
				GCC_WARN_UNUSED_FUNCTION = YES;
				GCC_WARN_UNUSED_VARIABLE = YES;
				MTL_ENABLE_DEBUG_INFO = NO;
			};
			name = Release;
		};
		C07853781DFFEC4400F04C5E /* Debug */ = {
			isa = XCBuildConfiguration;
			buildSettings = {
				DEBUGGING_SYMBOLS = YES;
				DEBUG_INFORMATION_FORMAT = dwarf;
				GCC_GENERATE_DEBUGGING_SYMBOLS = YES;
				GCC_OPTIMIZATION_LEVEL = 0;
				OTHER_CFLAGS = "";
				OTHER_LDFLAGS = "";
				PRODUCT_NAME = "$(TARGET_NAME)";
			};
			name = Debug;
		};
		C07853791DFFEC4400F04C5E /* Release */ = {
			isa = XCBuildConfiguration;
			buildSettings = {
				DEBUG_INFORMATION_FORMAT = "dwarf-with-dsym";
				OTHER_CFLAGS = "";
				OTHER_LDFLAGS = "";
				PRODUCT_NAME = "$(TARGET_NAME)";
			};
			name = Release;
		};
/* End XCBuildConfiguration section */

/* Begin XCConfigurationList section */
		C07853731DFFEC4400F04C5E /* Build configuration list for PBXProject "Projet IA" */ = {
			isa = XCConfigurationList;
			buildConfigurations = (
				C07853751DFFEC4400F04C5E /* Debug */,
				C07853761DFFEC4400F04C5E /* Release */,
			);
			defaultConfigurationIsVisible = 0;
			defaultConfigurationName = Release;
		};
		C07853771DFFEC4400F04C5E /* Build configuration list for PBXLegacyTarget "Projet IA" */ = {
			isa = XCConfigurationList;
			buildConfigurations = (
				C07853781DFFEC4400F04C5E /* Debug */,
				C07853791DFFEC4400F04C5E /* Release */,
			);
			defaultConfigurationIsVisible = 0;
			defaultConfigurationName = Release;
		};
/* End XCConfigurationList section */
	};
	rootObject = C07853701DFFEC4400F04C5E /* Project object */;
}
